{
  "name": "cucumberautocomplete-server",
  "version": "2.14.0",
  "lockfileVersion": 1,
  "requires": true,
  "dependencies": {
    "agent-base": {
      "version": "4.2.1",
      "resolved": "https://registry.npmjs.org/agent-base/-/agent-base-4.2.1.tgz",
      "integrity": "sha512-JVwXMr9nHYTUXsBFKUqhJwvlcYU/blreOEUkhNR2eXZIvwd+c+o5V4MgDPKWnMS/56awN3TRzIP+KoPn+roQtg==",
      "dev": true,
      "requires": {
        "es6-promisify": "5.0.0"
      }
    },
    "asn1": {
      "version": "0.2.3",
      "resolved": "https://registry.npmjs.org/asn1/-/asn1-0.2.3.tgz",
      "integrity": "sha1-2sh4dxPJlmhJ/IGAd36+nB3fO4Y=",
      "dev": true
    },
    "assert-plus": {
      "version": "1.0.0",
      "resolved": "https://registry.npmjs.org/assert-plus/-/assert-plus-1.0.0.tgz",
      "integrity": "sha1-8S4PPF13sLHN2RRpQuTpbB5N1SU=",
      "dev": true
    },
    "asynckit": {
      "version": "0.4.0",
      "resolved": "https://registry.npmjs.org/asynckit/-/asynckit-0.4.0.tgz",
      "integrity": "sha1-x57Zf380y48robyXkLzDZkdLS3k=",
      "dev": true
    },
    "aws-sign2": {
      "version": "0.7.0",
      "resolved": "https://registry.npmjs.org/aws-sign2/-/aws-sign2-0.7.0.tgz",
      "integrity": "sha1-tG6JCTSpWR8tL2+G1+ap8bP+dqg=",
      "dev": true
    },
    "aws4": {
      "version": "1.8.0",
      "resolved": "https://registry.npmjs.org/aws4/-/aws4-1.8.0.tgz",
      "integrity": "sha512-ReZxvNHIOv88FlT7rxcXIIC0fPt4KZqZbOlivyWtXLt8ESx84zd3kMC6iK5jVeS2qt+g7ftS7ye4fi06X5rtRQ==",
      "dev": true
    },
    "balanced-match": {
      "version": "0.4.2",
      "resolved": "http://npm.webamg.com:4873/balanced-match/-/balanced-match-0.4.2.tgz",
      "integrity": "sha1-yz8+PHMtwPAe5wtAPzAuYddwmDg="
    },
    "bcrypt-pbkdf": {
      "version": "1.0.1",
      "resolved": "https://registry.npmjs.org/bcrypt-pbkdf/-/bcrypt-pbkdf-1.0.1.tgz",
      "integrity": "sha1-Y7xdy2EzG5K8Bf1SiVPDNGKgb40=",
      "dev": true,
      "optional": true,
      "requires": {
        "tweetnacl": "0.14.5"
      }
    },
    "brace-expansion": {
      "version": "1.1.7",
      "resolved": "https://registry.npmjs.org/brace-expansion/-/brace-expansion-1.1.7.tgz",
      "integrity": "sha1-Pv/DxQ4ABTH7cg6v+A8K6O8jz1k=",
      "requires": {
        "balanced-match": "0.4.2",
        "concat-map": "0.0.1"
      }
    },
    "browser-stdout": {
      "version": "1.3.1",
      "resolved": "https://registry.npmjs.org/browser-stdout/-/browser-stdout-1.3.1.tgz",
      "integrity": "sha512-qhAVI1+Av2X7qelOfAIYwXONood6XlZE/fXaBSmW/T5SzLAmCgzi+eiWE7fUvbHaeNBQH13UftjpXxsfLkMpgw==",
      "dev": true
    },
    "caseless": {
      "version": "0.12.0",
      "resolved": "https://registry.npmjs.org/caseless/-/caseless-0.12.0.tgz",
      "integrity": "sha1-G2gcIf+EAzyCZUMJBolCDRhxUdw=",
      "dev": true
    },
    "charenc": {
      "version": "0.0.2",
      "resolved": "https://registry.npmjs.org/charenc/-/charenc-0.0.2.tgz",
      "integrity": "sha1-wKHS86cJLgN3S/qD8UwPxXkKhmc="
    },
    "combined-stream": {
      "version": "1.0.6",
      "resolved": "https://registry.npmjs.org/combined-stream/-/combined-stream-1.0.6.tgz",
      "integrity": "sha1-cj599ugBrFYTETp+RFqbactjKBg=",
      "dev": true,
      "requires": {
        "delayed-stream": "1.0.0"
      }
    },
    "commander": {
      "version": "2.15.1",
      "resolved": "https://registry.npmjs.org/commander/-/commander-2.15.1.tgz",
      "integrity": "sha512-VlfT9F3V0v+jr4yxPc5gg9s62/fIVWsd2Bk2iD435um1NlGMYdVCq+MjcXnhYq2icNOizHr1kK+5TI6H0Hy0ag==",
      "dev": true
    },
    "concat-map": {
      "version": "0.0.1",
      "resolved": "http://npm.webamg.com:4873/concat-map/-/concat-map-0.0.1.tgz",
      "integrity": "sha1-2Klr13/Wjfd5OnMDajug1UBdR3s="
    },
    "core-util-is": {
      "version": "1.0.2",
      "resolved": "https://registry.npmjs.org/core-util-is/-/core-util-is-1.0.2.tgz",
      "integrity": "sha1-tf1UIgqivFq1eqtxQMlAdUUDwac=",
      "dev": true
    },
    "crypt": {
      "version": "0.0.2",
      "resolved": "https://registry.npmjs.org/crypt/-/crypt-0.0.2.tgz",
      "integrity": "sha1-iNf/fsDfuG9xPch7u0LQRNPmxBs="
    },
    "dashdash": {
      "version": "1.14.1",
      "resolved": "https://registry.npmjs.org/dashdash/-/dashdash-1.14.1.tgz",
      "integrity": "sha1-hTz6D3y+L+1d4gMmuN1YEDX24vA=",
      "dev": true,
      "requires": {
        "assert-plus": "1.0.0"
      },
      "dependencies": {
        "assert-plus": {
          "version": "1.0.0",
          "resolved": "https://registry.npmjs.org/assert-plus/-/assert-plus-1.0.0.tgz",
          "integrity": "sha1-8S4PPF13sLHN2RRpQuTpbB5N1SU=",
          "dev": true
        }
      }
    },
    "debug": {
      "version": "3.1.0",
      "resolved": "https://registry.npmjs.org/debug/-/debug-3.1.0.tgz",
      "integrity": "sha512-OX8XqP7/1a9cqkxYw2yXss15f26NKWBpDXQd0/uK/KPqdQhxbPa994hnzjcE2VqQpDslf55723cKPUOGSmMY3g==",
      "dev": true,
      "requires": {
        "ms": "2.0.0"
      }
    },
    "define-property": {
      "version": "0.2.5",
      "resolved": "http://npm.webamg.com:4873/define-property/-/define-property-0.2.5.tgz",
      "integrity": "sha1-w1se+RjsPJkPmlvFe+BKrOxcgRY=",
      "requires": {
        "is-descriptor": "0.1.5"
      }
    },
    "delayed-stream": {
      "version": "1.0.0",
      "resolved": "https://registry.npmjs.org/delayed-stream/-/delayed-stream-1.0.0.tgz",
      "integrity": "sha1-3zrhmayt+31ECqrgsp4icrJOxhk=",
      "dev": true
    },
    "diff": {
      "version": "3.5.0",
      "resolved": "https://registry.npmjs.org/diff/-/diff-3.5.0.tgz",
      "integrity": "sha512-A46qtFgd+g7pDZinpnwiRJtxbC1hpgf0uzP3iG89scHk0AUC7A1TGxf5OiiOUv/JMZR8GOt8hL900hV0bOy5xA==",
      "dev": true
    },
    "doctrine": {
      "version": "2.1.0",
      "resolved": "https://registry.npmjs.org/doctrine/-/doctrine-2.1.0.tgz",
      "integrity": "sha512-35mSku4ZXK0vfCuHEDAwt55dg2jNajHZ1odvF+8SSr82EsZY4QmXfuWso8oEd8zRhVObSN18aM0CjSdoBX7zIw==",
      "requires": {
        "esutils": "2.0.2"
      }
    },
    "ecc-jsbn": {
      "version": "0.1.1",
      "resolved": "https://registry.npmjs.org/ecc-jsbn/-/ecc-jsbn-0.1.1.tgz",
      "integrity": "sha1-D8c6ntXw1Tw4GTOYUj735UN3dQU=",
      "dev": true,
      "optional": true,
      "requires": {
        "jsbn": "0.1.1"
      }
    },
    "es6-promise": {
      "version": "4.2.6",
      "resolved": "https://registry.npmjs.org/es6-promise/-/es6-promise-4.2.6.tgz",
      "integrity": "sha512-aRVgGdnmW2OiySVPUC9e6m+plolMAJKjZnQlCwNSuK5yQ0JN61DZSO1X1Ufd1foqWRAlig0rhduTCHe7sVtK5Q==",
      "dev": true
    },
    "es6-promisify": {
      "version": "5.0.0",
      "resolved": "https://registry.npmjs.org/es6-promisify/-/es6-promisify-5.0.0.tgz",
      "integrity": "sha1-UQnWLz5W6pZ8S2NQWu8IKRyKUgM=",
      "dev": true,
      "requires": {
        "es6-promise": "4.2.6"
      }
    },
    "escape-string-regexp": {
      "version": "1.0.5",
      "resolved": "https://registry.npmjs.org/escape-string-regexp/-/escape-string-regexp-1.0.5.tgz",
      "integrity": "sha1-G2HAViGQqN/2rjuyzwIAyhMLhtQ=",
      "dev": true
    },
    "esprima": {
      "version": "2.7.3",
      "resolved": "http://npm.webamg.com:4873/esprima/-/esprima-2.7.3.tgz",
      "integrity": "sha1-luO3DVd59q1JzQMmc9HDEnZ7pYE="
    },
    "esprima-extract-comments": {
      "version": "0.2.1",
      "resolved": "https://registry.npmjs.org/esprima-extract-comments/-/esprima-extract-comments-0.2.1.tgz",
      "integrity": "sha1-kBjY3zf/2V3WFQFajF8Ede10NCM=",
      "requires": {
        "esprima": "2.7.3"
      }
    },
    "esutils": {
      "version": "2.0.2",
      "resolved": "https://registry.npmjs.org/esutils/-/esutils-2.0.2.tgz",
      "integrity": "sha1-Cr9PHKpbyx96nYrMbepPqqBLrJs="
    },
    "extend": {
      "version": "3.0.2",
      "resolved": "https://registry.npmjs.org/extend/-/extend-3.0.2.tgz",
      "integrity": "sha512-fjquC59cD7CyW6urNXK0FBufkZcoiGG80wTuPujX590cB5Ttln20E2UB4S/WARVqhXffZl2LNgS+gQdPIIim/g==",
      "dev": true
    },
    "extend-shallow": {
      "version": "2.0.1",
      "resolved": "http://npm.webamg.com:4873/extend-shallow/-/extend-shallow-2.0.1.tgz",
      "integrity": "sha1-Ua99YUrZqfYQ6huvu5idaxxWiQ8=",
      "requires": {
        "is-extendable": "0.1.1"
      }
    },
    "extract-comments": {
      "version": "0.10.1",
      "resolved": "https://registry.npmjs.org/extract-comments/-/extract-comments-0.10.1.tgz",
      "integrity": "sha1-i2AxgIovX94c1nv4MXuRggQwRAg=",
      "requires": {
        "define-property": "0.2.5",
        "esprima-extract-comments": "0.2.1",
        "extend-shallow": "2.0.1",
        "parse-code-context": "0.2.2"
      }
    },
    "extsprintf": {
      "version": "1.3.0",
      "resolved": "https://registry.npmjs.org/extsprintf/-/extsprintf-1.3.0.tgz",
      "integrity": "sha1-lpGEQOMEGnpBT4xS48V06zw+HgU=",
      "dev": true
    },
    "fast-json-stable-stringify": {
      "version": "2.0.0",
      "resolved": "https://registry.npmjs.org/fast-json-stable-stringify/-/fast-json-stable-stringify-2.0.0.tgz",
      "integrity": "sha1-1RQsDK7msRifh9OnYREGT4bIu/I=",
      "dev": true
    },
    "forever-agent": {
      "version": "0.6.1",
      "resolved": "https://registry.npmjs.org/forever-agent/-/forever-agent-0.6.1.tgz",
      "integrity": "sha1-+8cfDEGt6zf5bFd60e1C2P2sypE=",
      "dev": true
    },
    "form-data": {
      "version": "2.3.3",
      "resolved": "https://registry.npmjs.org/form-data/-/form-data-2.3.3.tgz",
      "integrity": "sha512-1lLKB2Mu3aGP1Q/2eCOx0fNbRMe7XdwktwOruhfqqd0rIJWwN4Dh+E3hrPSlDCXnSR7UtZ1N38rVXm+6+MEhJQ==",
      "dev": true,
      "requires": {
        "asynckit": "0.4.0",
        "combined-stream": "1.0.6",
        "mime-types": "2.1.18"
      }
    },
    "fs.realpath": {
      "version": "1.0.0",
      "resolved": "https://registry.npmjs.org/fs.realpath/-/fs.realpath-1.0.0.tgz",
      "integrity": "sha1-FQStJSMVjKpA20onh8sBQRmU6k8="
    },
    "getpass": {
      "version": "0.1.7",
      "resolved": "https://registry.npmjs.org/getpass/-/getpass-0.1.7.tgz",
      "integrity": "sha1-Xv+OPmhNVprkyysSgmBOi6YhSfo=",
      "dev": true,
      "requires": {
        "assert-plus": "1.0.0"
      },
      "dependencies": {
        "assert-plus": {
          "version": "1.0.0",
          "resolved": "https://registry.npmjs.org/assert-plus/-/assert-plus-1.0.0.tgz",
          "integrity": "sha1-8S4PPF13sLHN2RRpQuTpbB5N1SU=",
          "dev": true
        }
      }
    },
    "glob": {
      "version": "7.1.4",
      "resolved": "https://registry.npmjs.org/glob/-/glob-7.1.4.tgz",
      "integrity": "sha512-hkLPepehmnKk41pUGm3sYxoFs/umurYfYJCerbXEyFIWcAzvpipAgVkBqqT9RBKMGjnq6kMuyYwha6csxbiM1A==",
      "requires": {
        "fs.realpath": "1.0.0",
        "inflight": "1.0.6",
        "inherits": "2.0.3",
        "minimatch": "3.0.4",
        "once": "1.4.0",
        "path-is-absolute": "1.0.1"
      }
    },
    "growl": {
      "version": "1.10.5",
      "resolved": "https://registry.npmjs.org/growl/-/growl-1.10.5.tgz",
      "integrity": "sha512-qBr4OuELkhPenW6goKVXiv47US3clb3/IbuWF9KNKEijAy9oeHxU9IgzjvJhHkUzhaj7rOUD7+YGWqUjLp5oSA==",
      "dev": true
    },
    "har-schema": {
      "version": "2.0.0",
      "resolved": "https://registry.npmjs.org/har-schema/-/har-schema-2.0.0.tgz",
      "integrity": "sha1-qUwiJOvKwEeCoNkDVSHyRzW37JI=",
      "dev": true
    },
    "har-validator": {
      "version": "5.1.3",
      "resolved": "https://registry.npmjs.org/har-validator/-/har-validator-5.1.3.tgz",
      "integrity": "sha512-sNvOCzEQNr/qrvJgc3UG/kD4QtlHycrzwS+6mfTrrSq97BvaYcPZZI1ZSqGSPR73Cxn4LKTD4PttRwfU7jWq5g==",
      "dev": true,
      "requires": {
        "ajv": "6.6.1",
        "har-schema": "2.0.0"
      },
      "dependencies": {
        "ajv": {
          "version": "6.6.1",
          "resolved": "https://registry.npmjs.org/ajv/-/ajv-6.6.1.tgz",
          "integrity": "sha512-ZoJjft5B+EJBjUyu9C9Hc0OZyPZSSlOF+plzouTrg6UlA8f+e/n8NIgBFG/9tppJtpPWfthHakK7juJdNDODww==",
          "dev": true,
          "requires": {
            "fast-deep-equal": "2.0.1",
            "fast-json-stable-stringify": "2.0.0",
            "json-schema-traverse": "0.4.1",
            "uri-js": "4.2.2"
          }
        },
        "fast-deep-equal": {
          "version": "2.0.1",
          "resolved": "https://registry.npmjs.org/fast-deep-equal/-/fast-deep-equal-2.0.1.tgz",
          "integrity": "sha1-ewUhjd+WZ79/Nwv3/bLLFf3Qqkk=",
          "dev": true
        },
        "json-schema-traverse": {
          "version": "0.4.1",
          "resolved": "https://registry.npmjs.org/json-schema-traverse/-/json-schema-traverse-0.4.1.tgz",
          "integrity": "sha512-xbbCH5dCYU5T8LcEhhuh7HJ88HXuW3qsI3Y0zOZFKfZEHcpWiHU/Jxzk629Brsab/mMiHQti9wMP+845RPe3Vg==",
          "dev": true
        }
      }
    },
    "has-flag": {
      "version": "3.0.0",
      "resolved": "https://registry.npmjs.org/has-flag/-/has-flag-3.0.0.tgz",
      "integrity": "sha1-tdRU3CGZriJWmfNGfloH87lVuv0=",
      "dev": true
    },
    "he": {
      "version": "1.1.1",
      "resolved": "https://registry.npmjs.org/he/-/he-1.1.1.tgz",
      "integrity": "sha1-k0EP0hsAlzUVH4howvJx80J+I/0=",
      "dev": true
    },
    "http-proxy-agent": {
      "version": "2.1.0",
      "resolved": "https://registry.npmjs.org/http-proxy-agent/-/http-proxy-agent-2.1.0.tgz",
      "integrity": "sha512-qwHbBLV7WviBl0rQsOzH6o5lwyOIvwp/BdFnvVxXORldu5TmjFfjzBcWUWS5kWAZhmv+JtiDhSuQCp4sBfbIgg==",
      "dev": true,
      "requires": {
        "agent-base": "4.2.1",
        "debug": "3.1.0"
      }
    },
    "http-signature": {
      "version": "1.2.0",
      "resolved": "https://registry.npmjs.org/http-signature/-/http-signature-1.2.0.tgz",
      "integrity": "sha1-muzZJRFHcvPZW2WmCruPfBj7rOE=",
      "dev": true,
      "requires": {
        "assert-plus": "1.0.0",
        "jsprim": "1.4.1",
        "sshpk": "1.14.1"
      }
    },
    "https-proxy-agent": {
      "version": "2.2.1",
      "resolved": "https://registry.npmjs.org/https-proxy-agent/-/https-proxy-agent-2.2.1.tgz",
      "integrity": "sha512-HPCTS1LW51bcyMYbxUIOO4HEOlQ1/1qRaFWcyxvwaqUS9TY88aoEuHUY33kuAh1YhVVaDQhLZsnPd+XNARWZlQ==",
      "dev": true,
      "requires": {
        "agent-base": "4.2.1",
        "debug": "3.1.0"
      }
    },
    "inflight": {
      "version": "1.0.6",
      "resolved": "http://npm.webamg.com:4873/inflight/-/inflight-1.0.6.tgz",
      "integrity": "sha1-Sb1jMdfQLQwJvJEKEHW6gWW1bfk=",
      "requires": {
        "once": "1.4.0",
        "wrappy": "1.0.2"
      }
    },
    "inherits": {
      "version": "2.0.3",
      "resolved": "http://npm.webamg.com:4873/inherits/-/inherits-2.0.3.tgz",
      "integrity": "sha1-Yzwsg+PaQqUC9SRmAiSA9CCCYd4="
    },
    "is-accessor-descriptor": {
      "version": "0.1.6",
      "resolved": "http://npm.webamg.com:4873/is-accessor-descriptor/-/is-accessor-descriptor-0.1.6.tgz",
      "integrity": "sha1-qeEss66Nh2cn7u84Q/igiXtcmNY=",
      "requires": {
        "kind-of": "3.2.0"
      }
    },
    "is-buffer": {
      "version": "1.1.5",
      "resolved": "http://npm.webamg.com:4873/is-buffer/-/is-buffer-1.1.5.tgz",
      "integrity": "sha1-Hzsm72E7IUuIy8ojzGwB2Hlh7sw="
    },
    "is-data-descriptor": {
      "version": "0.1.4",
      "resolved": "http://npm.webamg.com:4873/is-data-descriptor/-/is-data-descriptor-0.1.4.tgz",
      "integrity": "sha1-C17mSDiOLIYCgueT8YVv7D8wG1Y=",
      "requires": {
        "kind-of": "3.2.0"
      }
    },
    "is-descriptor": {
      "version": "0.1.5",
      "resolved": "http://npm.webamg.com:4873/is-descriptor/-/is-descriptor-0.1.5.tgz",
      "integrity": "sha1-4/uLSrZfOjc3M4jhi0AdeMWMvqc=",
      "requires": {
        "is-accessor-descriptor": "0.1.6",
        "is-data-descriptor": "0.1.4",
        "kind-of": "3.2.0",
        "lazy-cache": "2.0.2"
      }
    },
    "is-extendable": {
      "version": "0.1.1",
      "resolved": "http://npm.webamg.com:4873/is-extendable/-/is-extendable-0.1.1.tgz",
      "integrity": "sha1-YrEQ4omkcUGOPsNqYX1HLjAd/Ik="
    },
    "is-typedarray": {
      "version": "1.0.0",
      "resolved": "https://registry.npmjs.org/is-typedarray/-/is-typedarray-1.0.0.tgz",
      "integrity": "sha1-5HnICFjfDBsR3dppQPlgEfzaSpo=",
      "dev": true
    },
    "isstream": {
      "version": "0.1.2",
      "resolved": "https://registry.npmjs.org/isstream/-/isstream-0.1.2.tgz",
      "integrity": "sha1-R+Y/evVa+m+S4VAOaQ64uFKcCZo=",
      "dev": true
    },
    "jsbn": {
      "version": "0.1.1",
      "resolved": "https://registry.npmjs.org/jsbn/-/jsbn-0.1.1.tgz",
      "integrity": "sha1-peZUwuWi3rXyAdls77yoDA7y9RM=",
      "dev": true,
      "optional": true
    },
    "json-schema": {
      "version": "0.2.3",
      "resolved": "https://registry.npmjs.org/json-schema/-/json-schema-0.2.3.tgz",
      "integrity": "sha1-tIDIkuWaLwWVTOcnvT8qTogvnhM=",
      "dev": true
    },
    "json-stringify-safe": {
      "version": "5.0.1",
      "resolved": "https://registry.npmjs.org/json-stringify-safe/-/json-stringify-safe-5.0.1.tgz",
      "integrity": "sha1-Epai1Y/UXxmg9s4B1lcB4sc1tus=",
      "dev": true
    },
    "jsprim": {
      "version": "1.4.1",
      "resolved": "https://registry.npmjs.org/jsprim/-/jsprim-1.4.1.tgz",
      "integrity": "sha1-MT5mvB5cwG5Di8G3SZwuXFastqI=",
      "dev": true,
      "requires": {
        "assert-plus": "1.0.0",
        "extsprintf": "1.3.0",
        "json-schema": "0.2.3",
        "verror": "1.10.0"
      },
      "dependencies": {
        "assert-plus": {
          "version": "1.0.0",
          "resolved": "https://registry.npmjs.org/assert-plus/-/assert-plus-1.0.0.tgz",
          "integrity": "sha1-8S4PPF13sLHN2RRpQuTpbB5N1SU=",
          "dev": true
        }
      }
    },
    "kind-of": {
      "version": "3.2.0",
      "resolved": "http://npm.webamg.com:4873/kind-of/-/kind-of-3.2.0.tgz",
      "integrity": "sha1-tYq+TVwEStM3JqjBUltIz4kb/wc=",
      "requires": {
        "is-buffer": "1.1.5"
      }
    },
    "lazy-cache": {
      "version": "2.0.2",
      "resolved": "http://npm.webamg.com:4873/lazy-cache/-/lazy-cache-2.0.2.tgz",
      "integrity": "sha1-uRkKT5EzVGlIQIWfio9whNiCImQ=",
      "requires": {
        "set-getter": "0.1.0"
      }
    },
    "md5": {
      "version": "2.2.1",
      "resolved": "https://registry.npmjs.org/md5/-/md5-2.2.1.tgz",
      "integrity": "sha1-U6s41f48iJG6RlMp6iP6wFQBJvk=",
      "requires": {
        "charenc": "0.0.2",
        "crypt": "0.0.2",
        "is-buffer": "1.1.5"
      }
    },
    "mime-db": {
      "version": "1.33.0",
      "resolved": "https://registry.npmjs.org/mime-db/-/mime-db-1.33.0.tgz",
      "integrity": "sha512-BHJ/EKruNIqJf/QahvxwQZXKygOQ256myeN/Ew+THcAa5q+PjyTTMMeNQC4DZw5AwfvelsUrA6B67NKMqXDbzQ==",
      "dev": true
    },
    "mime-types": {
      "version": "2.1.18",
      "resolved": "https://registry.npmjs.org/mime-types/-/mime-types-2.1.18.tgz",
      "integrity": "sha512-lc/aahn+t4/SWV/qcmumYjymLsWfN3ELhpmVuUFjgsORruuZPVSwAQryq+HHGvO/SI2KVX26bx+En+zhM8g8hQ==",
      "dev": true,
      "requires": {
        "mime-db": "1.33.0"
      }
    },
    "minimatch": {
      "version": "3.0.4",
      "resolved": "https://registry.npmjs.org/minimatch/-/minimatch-3.0.4.tgz",
      "integrity": "sha1-UWbihkV/AzBgZL5Ul+jbsMPTIIM=",
      "requires": {
        "brace-expansion": "1.1.7"
      }
    },
    "minimist": {
      "version": "0.0.8",
      "resolved": "https://registry.npmjs.org/minimist/-/minimist-0.0.8.tgz",
      "integrity": "sha1-hX/Kv8M5fSYluCKCYuhqp6ARsF0=",
      "dev": true
    },
    "mkdirp": {
      "version": "0.5.1",
      "resolved": "https://registry.npmjs.org/mkdirp/-/mkdirp-0.5.1.tgz",
      "integrity": "sha1-MAV0OOrGz3+MR2fzhkjWaX11yQM=",
      "dev": true,
      "requires": {
        "minimist": "0.0.8"
      }
    },
    "ms": {
      "version": "2.0.0",
      "resolved": "https://registry.npmjs.org/ms/-/ms-2.0.0.tgz",
      "integrity": "sha1-VgiurfwAvmwpAd9fmGF4jeDVl8g=",
      "dev": true
    },
    "oauth-sign": {
      "version": "0.9.0",
      "resolved": "https://registry.npmjs.org/oauth-sign/-/oauth-sign-0.9.0.tgz",
      "integrity": "sha512-fexhUFFPTGV8ybAtSIGbV6gOkSv8UtRbDBnAyLQw4QPKkgNlsH2ByPGtMUqdWkos6YCRmAqViwgZrJc/mRDzZQ==",
      "dev": true
    },
    "once": {
      "version": "1.4.0",
      "resolved": "http://npm.webamg.com:4873/once/-/once-1.4.0.tgz",
      "integrity": "sha1-WDsap3WWHUsROsF9nFC6753Xa9E=",
      "requires": {
        "wrappy": "1.0.2"
      }
    },
    "parse-code-context": {
      "version": "0.2.2",
      "resolved": "https://registry.npmjs.org/parse-code-context/-/parse-code-context-0.2.2.tgz",
      "integrity": "sha1-FEuK+3IZSC1+iMHranZVlvOmrA0="
    },
    "path-is-absolute": {
      "version": "1.0.1",
      "resolved": "http://npm.webamg.com:4873/path-is-absolute/-/path-is-absolute-1.0.1.tgz",
      "integrity": "sha1-F0uSaHNVNP+8es5r9TpanhtcX18="
    },
    "performance-now": {
      "version": "2.1.0",
      "resolved": "https://registry.npmjs.org/performance-now/-/performance-now-2.1.0.tgz",
      "integrity": "sha1-Ywn04OX6kT7BxpMHrjZLSzd8nns=",
      "dev": true
    },
    "psl": {
      "version": "1.1.29",
      "resolved": "https://registry.npmjs.org/psl/-/psl-1.1.29.tgz",
      "integrity": "sha512-AeUmQ0oLN02flVHXWh9sSJF7mcdFq0ppid/JkErufc3hGIV/AMa8Fo9VgDo/cT2jFdOWoFvHp90qqBH54W+gjQ==",
      "dev": true
    },
    "punycode": {
      "version": "1.4.1",
      "resolved": "https://registry.npmjs.org/punycode/-/punycode-1.4.1.tgz",
      "integrity": "sha1-wNWmOycYgArY4esPpSachN1BhF4=",
      "dev": true
    },
    "qs": {
      "version": "6.5.2",
      "resolved": "https://registry.npmjs.org/qs/-/qs-6.5.2.tgz",
      "integrity": "sha512-N5ZAX4/LxJmF+7wN74pUD6qAh9/wnvdQcjq9TZjevvXzSUo7bfmw91saqMjzGS2xq91/odN2dW/WOl7qQHNDGA==",
      "dev": true
    },
    "querystringify": {
      "version": "2.0.0",
      "resolved": "https://registry.npmjs.org/querystringify/-/querystringify-2.0.0.tgz",
      "integrity": "sha512-eTPo5t/4bgaMNZxyjWx6N2a6AuE0mq51KWvpc7nU/MAqixcI6v6KrGUKES0HaomdnolQBBXU/++X6/QQ9KL4tw==",
      "dev": true
    },
    "request": {
      "version": "2.88.0",
      "resolved": "https://registry.npmjs.org/request/-/request-2.88.0.tgz",
      "integrity": "sha512-NAqBSrijGLZdM0WZNsInLJpkJokL72XYjUpnB0iwsRgxh7dB6COrHnTBNwN0E+lHDAJzu7kLAkDeY08z2/A0hg==",
      "dev": true,
      "requires": {
        "aws-sign2": "0.7.0",
        "aws4": "1.8.0",
        "caseless": "0.12.0",
        "combined-stream": "1.0.6",
        "extend": "3.0.2",
        "forever-agent": "0.6.1",
        "form-data": "2.3.3",
        "har-validator": "5.1.3",
        "http-signature": "1.2.0",
        "is-typedarray": "1.0.0",
        "isstream": "0.1.2",
        "json-stringify-safe": "5.0.1",
        "mime-types": "2.1.22",
        "oauth-sign": "0.9.0",
        "performance-now": "2.1.0",
        "qs": "6.5.2",
        "safe-buffer": "5.1.2",
        "tough-cookie": "2.4.3",
        "tunnel-agent": "0.6.0",
        "uuid": "3.3.2"
      },
      "dependencies": {
        "mime-db": {
          "version": "1.38.0",
          "resolved": "https://registry.npmjs.org/mime-db/-/mime-db-1.38.0.tgz",
          "integrity": "sha512-bqVioMFFzc2awcdJZIzR3HjZFX20QhilVS7hytkKrv7xFAn8bM1gzc/FOX2awLISvWe0PV8ptFKcon+wZ5qYkg==",
          "dev": true
        },
        "mime-types": {
          "version": "2.1.22",
          "resolved": "https://registry.npmjs.org/mime-types/-/mime-types-2.1.22.tgz",
          "integrity": "sha512-aGl6TZGnhm/li6F7yx82bJiBZwgiEa4Hf6CNr8YO+r5UHr53tSTYZb102zyU50DOWWKeOv0uQLRL0/9EiKWCog==",
          "dev": true,
          "requires": {
            "mime-db": "1.38.0"
          }
        },
        "safe-buffer": {
          "version": "5.1.2",
          "resolved": "https://registry.npmjs.org/safe-buffer/-/safe-buffer-5.1.2.tgz",
          "integrity": "sha512-Gd2UZBJDkXlY7GbJxfsE8/nvKkUEU1G38c1siN6QP6a9PT9MmHB8GnpscSmMJSoF8LOIrt8ud/wPtojys4G6+g==",
          "dev": true
        }
      }
    },
    "requires-port": {
      "version": "1.0.0",
      "resolved": "https://registry.npmjs.org/requires-port/-/requires-port-1.0.0.tgz",
      "integrity": "sha1-kl0mAdOaxIXgkc8NpcbmlNw9yv8=",
      "dev": true
    },
    "safe-buffer": {
      "version": "5.1.1",
      "resolved": "https://registry.npmjs.org/safe-buffer/-/safe-buffer-5.1.1.tgz",
      "integrity": "sha1-iTMSr2myEj3vcfV4iQAWce6yyFM=",
      "dev": true
    },
    "semver": {
      "version": "5.5.0",
      "resolved": "https://registry.npmjs.org/semver/-/semver-5.5.0.tgz",
      "integrity": "sha512-4SJ3dm0WAwWy/NVeioZh5AntkdJoWKxHxcmyP622fOkgHa4z3R0TdBJICINyaSDE6uNwVc8gZr+ZinwZAH4xIA==",
      "dev": true
    },
    "set-getter": {
      "version": "0.1.0",
      "resolved": "http://npm.webamg.com:4873/set-getter/-/set-getter-0.1.0.tgz",
      "integrity": "sha1-12nBgsnVpR9AkUXy+6guXoboA3Y=",
      "requires": {
        "to-object-path": "0.3.0"
      }
    },
    "source-map": {
      "version": "0.6.1",
      "resolved": "https://registry.npmjs.org/source-map/-/source-map-0.6.1.tgz",
      "integrity": "sha512-UjgapumWlbMhkBgzT7Ykc5YXUT46F0iKu8SGXq0bcwP5dz/h0Plj6enJqjz1Zbq2l5WaqYnrVbwWOWMyF3F47g==",
      "dev": true
    },
    "source-map-support": {
      "version": "0.5.4",
      "resolved": "https://registry.npmjs.org/source-map-support/-/source-map-support-0.5.4.tgz",
      "integrity": "sha512-PETSPG6BjY1AHs2t64vS2aqAgu6dMIMXJULWFBGbh2Gr8nVLbCFDo6i/RMMvviIQ2h1Z8+5gQhVKSn2je9nmdg==",
      "dev": true,
      "requires": {
        "source-map": "0.6.1"
      }
    },
    "sshpk": {
      "version": "1.14.1",
      "resolved": "https://registry.npmjs.org/sshpk/-/sshpk-1.14.1.tgz",
      "integrity": "sha1-Ew9Zde3a2WPx1W+SuaxsUfqfg+s=",
      "dev": true,
      "requires": {
        "asn1": "0.2.3",
        "assert-plus": "1.0.0",
        "bcrypt-pbkdf": "1.0.1",
        "dashdash": "1.14.1",
        "ecc-jsbn": "0.1.1",
        "getpass": "0.1.7",
        "jsbn": "0.1.1",
        "tweetnacl": "0.14.5"
      },
      "dependencies": {
        "assert-plus": {
          "version": "1.0.0",
          "resolved": "https://registry.npmjs.org/assert-plus/-/assert-plus-1.0.0.tgz",
          "integrity": "sha1-8S4PPF13sLHN2RRpQuTpbB5N1SU=",
          "dev": true
        }
      }
    },
    "strip-comments": {
      "version": "0.4.4",
      "resolved": "https://registry.npmjs.org/strip-comments/-/strip-comments-0.4.4.tgz",
      "integrity": "sha1-ucqvxP6QX5bAkd+J+achXyqmKcY=",
      "requires": {
        "extend-shallow": "2.0.1",
        "extract-comments": "0.10.1"
      }
    },
    "supports-color": {
      "version": "5.4.0",
      "resolved": "https://registry.npmjs.org/supports-color/-/supports-color-5.4.0.tgz",
      "integrity": "sha512-zjaXglF5nnWpsq470jSv6P9DwPvgLkuapYmfDm3JWOm0vkNTVF2tI4UrN2r6jH1qM/uc/WtxYY1hYoA2dOKj5w==",
      "dev": true,
      "requires": {
        "has-flag": "3.0.0"
      }
    },
    "to-object-path": {
      "version": "0.3.0",
      "resolved": "http://npm.webamg.com:4873/to-object-path/-/to-object-path-0.3.0.tgz",
      "integrity": "sha1-KXWIt7Dn4KwI4E5nL4XB9JmeF68=",
      "requires": {
        "kind-of": "3.2.0"
      }
    },
    "tough-cookie": {
      "version": "2.4.3",
      "resolved": "https://registry.npmjs.org/tough-cookie/-/tough-cookie-2.4.3.tgz",
      "integrity": "sha512-Q5srk/4vDM54WJsJio3XNn6K2sCG+CQ8G5Wz6bZhRZoAe/+TxjWB/GlFAnYEbkYVlON9FMk/fE3h2RLpPXo4lQ==",
      "dev": true,
      "requires": {
        "psl": "1.1.29",
        "punycode": "1.4.1"
      }
    },
    "tunnel-agent": {
      "version": "0.6.0",
      "resolved": "https://registry.npmjs.org/tunnel-agent/-/tunnel-agent-0.6.0.tgz",
      "integrity": "sha1-J6XeoGs2sEoKmWZ3SykIaPD8QP0=",
      "dev": true,
      "requires": {
        "safe-buffer": "5.1.1"
      }
    },
    "tweetnacl": {
      "version": "0.14.5",
      "resolved": "https://registry.npmjs.org/tweetnacl/-/tweetnacl-0.14.5.tgz",
      "integrity": "sha1-WuaBd/GS1EViadEIr6k/+HQ/T2Q=",
      "dev": true,
      "optional": true
    },
    "uri-js": {
      "version": "4.2.2",
      "resolved": "https://registry.npmjs.org/uri-js/-/uri-js-4.2.2.tgz",
      "integrity": "sha512-KY9Frmirql91X2Qgjry0Wd4Y+YTdrdZheS8TFwvkbLWf/G5KNJDCh6pKL5OZctEW4+0Baa5idK2ZQuELRwPznQ==",
      "dev": true,
      "requires": {
        "punycode": "2.1.1"
      },
      "dependencies": {
        "punycode": {
          "version": "2.1.1",
          "resolved": "https://registry.npmjs.org/punycode/-/punycode-2.1.1.tgz",
          "integrity": "sha512-XRsRjdf+j5ml+y/6GKHPZbrF/8p2Yga0JPtdqTIY2Xe5ohJPD9saDJJLPvp9+NSBprVvevdXZybnj2cv8OEd0A==",
          "dev": true
        }
      }
    },
    "url-parse": {
      "version": "1.4.6",
      "resolved": "https://registry.npmjs.org/url-parse/-/url-parse-1.4.6.tgz",
      "integrity": "sha512-/B8AD9iQ01seoXmXf9z/MjLZQIdOoYl/+gvsQF6+mpnxaTfG9P7srYaiqaDMyKkR36XMXfhqSHss5MyFAO8lew==",
      "dev": true,
      "requires": {
        "querystringify": "2.0.0",
        "requires-port": "1.0.0"
      }
    },
    "uuid": {
      "version": "3.3.2",
      "resolved": "https://registry.npmjs.org/uuid/-/uuid-3.3.2.tgz",
      "integrity": "sha512-yXJmeNaw3DnnKAOKJE51sL/ZaYfWJRl1pK9dr19YFCu0ObS231AB1/LbqTKRAQ5kw8A90rA6fr4riOUpTZvQZA==",
      "dev": true
    },
    "verror": {
      "version": "1.10.0",
      "resolved": "https://registry.npmjs.org/verror/-/verror-1.10.0.tgz",
      "integrity": "sha1-OhBcoXBTr1XW4nDB+CiGguGNpAA=",
      "dev": true,
      "requires": {
        "assert-plus": "1.0.0",
        "core-util-is": "1.0.2",
        "extsprintf": "1.3.0"
      },
      "dependencies": {
        "assert-plus": {
          "version": "1.0.0",
          "resolved": "https://registry.npmjs.org/assert-plus/-/assert-plus-1.0.0.tgz",
          "integrity": "sha1-8S4PPF13sLHN2RRpQuTpbB5N1SU=",
          "dev": true
        }
      }
    },
    "vscode": {
      "version": "1.1.35",
      "resolved": "https://registry.npmjs.org/vscode/-/vscode-1.1.35.tgz",
      "integrity": "sha512-xPnxzQU40LOS2yPyzWW+WKpTV6qA3z16TcgpZ9O38UWLA157Zz4GxUx5H7Gd07pxzw0GqvusbF4D+5GBgNxvEQ==",
      "dev": true,
      "requires": {
        "glob": "7.1.4",
        "mocha": "5.2.0",
        "request": "2.88.0",
        "semver": "5.5.0",
        "source-map-support": "0.5.4",
        "url-parse": "1.4.6",
        "vscode-test": "0.4.3"
      },
      "dependencies": {
        "mocha": {
          "version": "5.2.0",
          "resolved": "https://registry.npmjs.org/mocha/-/mocha-5.2.0.tgz",
          "integrity": "sha512-2IUgKDhc3J7Uug+FxMXuqIyYzH7gJjXECKe/w43IGgQHTSj3InJi+yAA7T24L9bQMRKiUEHxEX37G5JpVUGLcQ==",
          "dev": true,
          "requires": {
            "browser-stdout": "1.3.1",
            "commander": "2.15.1",
            "debug": "3.1.0",
            "diff": "3.5.0",
            "escape-string-regexp": "1.0.5",
            "glob": "7.1.2",
            "growl": "1.10.5",
            "he": "1.1.1",
            "minimatch": "3.0.4",
            "mkdirp": "0.5.1",
            "supports-color": "5.4.0"
          },
          "dependencies": {
            "glob": {
              "version": "7.1.2",
              "resolved": "https://registry.npmjs.org/glob/-/glob-7.1.2.tgz",
              "integrity": "sha512-MJTUg1kjuLeQCJ+ccE4Vpa6kKVXkPYJ2mOCQyUuKLcLQsdrMCpBPUi8qVE6+YuaJkozeA9NusTAw3hLr8Xe5EQ==",
              "dev": true,
              "requires": {
                "fs.realpath": "1.0.0",
                "inflight": "1.0.6",
                "inherits": "2.0.3",
                "minimatch": "3.0.4",
                "once": "1.4.0",
                "path-is-absolute": "1.0.1"
              }
            }
          }
        }
      }
    },
    "vscode-jsonrpc": {
      "version": "3.5.0",
      "resolved": "https://registry.npmjs.org/vscode-jsonrpc/-/vscode-jsonrpc-3.5.0.tgz",
      "integrity": "sha1-hyOdnhZrLXNSJFuKgTWXgEwdY6o="
    },
    "vscode-languageserver": {
      "version": "3.5.1",
      "resolved": "http://registry.npmjs.org/vscode-languageserver/-/vscode-languageserver-3.5.1.tgz",
      "integrity": "sha512-RYUKn0DgHTFcS8kS4VaNCjNMaQXYqiXdN9bKrFjXzu5RPKfjIYcoh47oVWwZj4L3R/DPB0Se7HPaDatvYY2XgQ==",
      "requires": {
        "vscode-languageserver-protocol": "3.5.1",
        "vscode-uri": "1.0.6"
      }
    },
    "vscode-languageserver-protocol": {
      "version": "3.5.1",
      "resolved": "http://registry.npmjs.org/vscode-languageserver-protocol/-/vscode-languageserver-protocol-3.5.1.tgz",
      "integrity": "sha512-1fPDIwsAv1difCV+8daOrJEGunClNJWqnUHq/ncWrjhitKWXgGmRCjlwZ3gDUTt54yRcvXz1PXJDaRNvNH6pYA==",
      "requires": {
        "vscode-jsonrpc": "3.5.0",
        "vscode-languageserver-types": "3.5.0"
      }
    },
    "vscode-languageserver-types": {
      "version": "3.5.0",
      "resolved": "https://registry.npmjs.org/vscode-languageserver-types/-/vscode-languageserver-types-3.5.0.tgz",
      "integrity": "sha1-5I15li8LjgLelV4/UkkI4rGcA3Q="
    },
    "vscode-test": {
      "version": "0.4.3",
      "resolved": "https://registry.npmjs.org/vscode-test/-/vscode-test-0.4.3.tgz",
      "integrity": "sha512-EkMGqBSefZH2MgW65nY05rdRSko15uvzq4VAPM5jVmwYuFQKE7eikKXNJDRxL+OITXHB6pI+a3XqqD32Y3KC5w==",
      "dev": true,
      "requires": {
        "http-proxy-agent": "2.1.0",
        "https-proxy-agent": "2.2.1"
      }
    },
    "vscode-uri": {
      "version": "1.0.6",
      "resolved": "https://registry.npmjs.org/vscode-uri/-/vscode-uri-1.0.6.tgz",
      "integrity": "sha512-sLI2L0uGov3wKVb9EB+vIQBl9tVP90nqRvxSoJ35vI3NjxE8jfsE5DSOhWgSunHSZmKS4OCi2jrtfxK7uyp2ww=="
    },
    "wrappy": {
      "version": "1.0.2",
      "resolved": "http://npm.webamg.com:4873/wrappy/-/wrappy-1.0.2.tgz",
      "integrity": "sha1-tSQ9jz7BqjXxNkYFvA0QNuMKtp8="
    }
  }
}
